{
  "pins" : [
    {
      "identity" : "swift-snapshot-testing",
      "kind" : "remoteSourceControl",
      "location" : "https://github.com/urlaunched-com/swift-snapshot-testing.git",
      "state" : {
        "revision" : "423e38673ac723e975b890cd86b99922e8de0ad4",
        "version" : "2.3.6"
      }
    }
  ],
  "version" : 2
}
