{
  "pins" : [
    {
      "identity" : "swift-snapshot-testing",
      "kind" : "remoteSourceControl",
      "location" : "https://github.com/urlaunched-com/swift-snapshot-testing.git",
      "state" : {
        "revision" : "111b7d9971dd85c2627c8894f6e249e4febdbc5a",
        "version" : "2.3.4"
      }
    }
  ],
  "version" : 2
}
