{
  "pins" : [
    {
      "identity" : "swift-snapshot-testing",
      "kind" : "remoteSourceControl",
      "location" : "https://github.com/urlaunched-com/swift-snapshot-testing.git",
      "state" : {
        "revision" : "59ff750aca09289b8036fe1f29d9c4a3b0731cda"
      }
    }
  ],
  "version" : 2
}
